
Microsoft Visual Studio Solution File, Format Version 12.00
# Visual Studio Version 16
VisualStudioVersion = 16.0.30002.166
MinimumVisualStudioVersion = 10.0.40219.1
Project("{9A19103F-16F7-4668-BE54-9A1E7A4F7556}") = "Web", "Web\Web.csproj", "{46AFBDAD-CF6A-42BF-BDF0-D4010CFC566D}"
EndProject
Project("{FAE04EC0-301F-11D3-BF4B-00C04F79EFBC}") = "BusinessLogic", "BusinessLogic\BusinessLogic.csproj", "{3DF92ADA-2B43-47E4-88E0-272DCE321E37}"
EndProject
Project("{FAE04EC0-301F-11D3-BF4B-00C04F79EFBC}") = "Common", "Common\Common.csproj", "{C8E30DA2-D7D0-49DB-BABF-3887AF2EC078}"
EndProject
Project("{FAE04EC0-301F-11D3-BF4B-00C04F79EFBC}") = "DataAccess", "DataAccess\DataAccess.csproj", "{99279A0A-320B-4CEA-8EA7-EC0EC02D14A4}"
EndProject
Project("{FAE04EC0-301F-11D3-BF4B-00C04F79EFBC}") = "Models", "Models\Models.csproj", "{037B975F-8C56-49DA-9D1E-315125115E1A}"
EndProject
Project("{FAE04EC0-301F-11D3-BF4B-00C04F79EFBC}") = "Services", "Services\Services.csproj", "{1FDAFA3E-9031-4B42-86F7-4DE75BB0FFA9}"
EndProject
Global
	GlobalSection(SolutionConfigurationPlatforms) = preSolution
		Debug|Any CPU = Debug|Any CPU
		Release|Any CPU = Release|Any CPU
	EndGlobalSection
	GlobalSection(ProjectConfigurationPlatforms) = postSolution
		{46AFBDAD-CF6A-42BF-BDF0-D4010CFC566D}.Debug|Any CPU.ActiveCfg = Debug|Any CPU
		{46AFBDAD-CF6A-42BF-BDF0-D4010CFC566D}.Debug|Any CPU.Build.0 = Debug|Any CPU
		{46AFBDAD-CF6A-42BF-BDF0-D4010CFC566D}.Release|Any CPU.ActiveCfg = Release|Any CPU
		{46AFBDAD-CF6A-42BF-BDF0-D4010CFC566D}.Release|Any CPU.Build.0 = Release|Any CPU
		{3DF92ADA-2B43-47E4-88E0-272DCE321E37}.Debug|Any CPU.ActiveCfg = Debug|Any CPU
		{3DF92ADA-2B43-47E4-88E0-272DCE321E37}.Debug|Any CPU.Build.0 = Debug|Any CPU
		{3DF92ADA-2B43-47E4-88E0-272DCE321E37}.Release|Any CPU.ActiveCfg = Release|Any CPU
		{3DF92ADA-2B43-47E4-88E0-272DCE321E37}.Release|Any CPU.Build.0 = Release|Any CPU
		{C8E30DA2-D7D0-49DB-BABF-3887AF2EC078}.Debug|Any CPU.ActiveCfg = Debug|Any CPU
		{C8E30DA2-D7D0-49DB-BABF-3887AF2EC078}.Debug|Any CPU.Build.0 = Debug|Any CPU
		{C8E30DA2-D7D0-49DB-BABF-3887AF2EC078}.Release|Any CPU.ActiveCfg = Release|Any CPU
		{C8E30DA2-D7D0-49DB-BABF-3887AF2EC078}.Release|Any CPU.Build.0 = Release|Any CPU
		{99279A0A-320B-4CEA-8EA7-EC0EC02D14A4}.Debug|Any CPU.ActiveCfg = Debug|Any CPU
		{99279A0A-320B-4CEA-8EA7-EC0EC02D14A4}.Debug|Any CPU.Build.0 = Debug|Any CPU
		{99279A0A-320B-4CEA-8EA7-EC0EC02D14A4}.Release|Any CPU.ActiveCfg = Release|Any CPU
		{99279A0A-320B-4CEA-8EA7-EC0EC02D14A4}.Release|Any CPU.Build.0 = Release|Any CPU
		{037B975F-8C56-49DA-9D1E-315125115E1A}.Debug|Any CPU.ActiveCfg = Debug|Any CPU
		{037B975F-8C56-49DA-9D1E-315125115E1A}.Debug|Any CPU.Build.0 = Debug|Any CPU
		{037B975F-8C56-49DA-9D1E-315125115E1A}.Release|Any CPU.ActiveCfg = Release|Any CPU
		{037B975F-8C56-49DA-9D1E-315125115E1A}.Release|Any CPU.Build.0 = Release|Any CPU
		{1FDAFA3E-9031-4B42-86F7-4DE75BB0FFA9}.Debug|Any CPU.ActiveCfg = Debug|Any CPU
		{1FDAFA3E-9031-4B42-86F7-4DE75BB0FFA9}.Debug|Any CPU.Build.0 = Debug|Any CPU
		{1FDAFA3E-9031-4B42-86F7-4DE75BB0FFA9}.Release|Any CPU.ActiveCfg = Release|Any CPU
		{1FDAFA3E-9031-4B42-86F7-4DE75BB0FFA9}.Release|Any CPU.Build.0 = Release|Any CPU
	EndGlobalSection
	GlobalSection(SolutionProperties) = preSolution
		HideSolutionNode = FALSE
	EndGlobalSection
	GlobalSection(ExtensibilityGlobals) = postSolution
		SolutionGuid = {80655804-3D71-439A-BD81-085BA470A294}
	EndGlobalSection
EndGlobal
